
Microsoft Visual Studio Solution File, Format Version 12.00
# Visual Studio Version 17
VisualStudioVersion = 17.5.002.0
MinimumVisualStudioVersion = 10.0.40219.1
Project("{FAE04EC0-301F-11D3-BF4B-00C04F79EFBC}") = "RegistroNotas", "RegistroNotas\RegistroNotas.csproj", "{45F9C948-72C3-4427-A3CA-2FE66F36E71C}"
EndProject
Global
	GlobalSection(SolutionConfigurationPlatforms) = preSolution
		Debug|Any CPU = Debug|Any CPU
		Release|Any CPU = Release|Any CPU
	EndGlobalSection
	GlobalSection(ProjectConfigurationPlatforms) = postSolution
		{45F9C948-72C3-4427-A3CA-2FE66F36E71C}.Debug|Any CPU.ActiveCfg = Debug|Any CPU
		{45F9C948-72C3-4427-A3CA-2FE66F36E71C}.Debug|Any CPU.Build.0 = Debug|Any CPU
		{45F9C948-72C3-4427-A3CA-2FE66F36E71C}.Release|Any CPU.ActiveCfg = Release|Any CPU
		{45F9C948-72C3-4427-A3CA-2FE66F36E71C}.Release|Any CPU.Build.0 = Release|Any CPU
	EndGlobalSection
	GlobalSection(SolutionProperties) = preSolution
		HideSolutionNode = FALSE
	EndGlobalSection
	GlobalSection(ExtensibilityGlobals) = postSolution
		SolutionGuid = {3C009E61-B43B-4599-9E66-E8B7EA29A21F}
	EndGlobalSection
EndGlobal
